
Microsoft Visual Studio Solution File, Format Version 12.00
# Visual Studio Version 16
VisualStudioVersion = 16.0.32106.194
MinimumVisualStudioVersion = 10.0.40219.1
Project("{9A19103F-16F7-4668-BE54-9A1E7A4F7556}") = "Crawler", "Crawler\Crawler.csproj", "{215FB43E-33E6-4FB6-B94A-753F5F2145A8}"
EndProject
Global
	GlobalSection(SolutionConfigurationPlatforms) = preSolution
		Debug|Any CPU = Debug|Any CPU
		Release|Any CPU = Release|Any CPU
	EndGlobalSection
	GlobalSection(ProjectConfigurationPlatforms) = postSolution
		{215FB43E-33E6-4FB6-B94A-753F5F2145A8}.Debug|Any CPU.ActiveCfg = Release|Any CPU
		{215FB43E-33E6-4FB6-B94A-753F5F2145A8}.Debug|Any CPU.Build.0 = Release|Any CPU
		{215FB43E-33E6-4FB6-B94A-753F5F2145A8}.Release|Any CPU.ActiveCfg = Release|Any CPU
		{215FB43E-33E6-4FB6-B94A-753F5F2145A8}.Release|Any CPU.Build.0 = Release|Any CPU
	EndGlobalSection
	GlobalSection(SolutionProperties) = preSolution
		HideSolutionNode = FALSE
	EndGlobalSection
	GlobalSection(ExtensibilityGlobals) = postSolution
		SolutionGuid = {D3D6C92A-972E-4571-928E-F7718520B7D3}
	EndGlobalSection
EndGlobal
